
Microsoft Visual Studio Solution File, Format Version 12.00
# Visual Studio Version 18
VisualStudioVersion = 18.0.11018.127
MinimumVisualStudioVersion = 10.0.40219.1
Project("{FAE04EC0-301F-11D3-BF4B-00C04F79EFBC}") = "BBH Records Keeping System", "BBH Records Keeping System.csproj", "{E00C4B72-2507-4F83-8B9F-67C9FE46FFF0}"
EndProject
Project("{FAE04EC0-301F-11D3-BF4B-00C04F79EFBC}") = "BBHRKS Library", "..\BBHRKS Library\BBHRKS Library.csproj", "{1EC4A52F-9A03-7CDF-7CB3-CCFA8BF0AA87}"
EndProject
Project("{FAE04EC0-301F-11D3-BF4B-00C04F79EFBC}") = "JunX.NET", "..\JunX.NET\JunX.NET.csproj", "{9944FADA-0DBE-29C8-A4A5-E0527BC572D1}"
EndProject
Global
	GlobalSection(SolutionConfigurationPlatforms) = preSolution
		Debug|Any CPU = Debug|Any CPU
		Release|Any CPU = Release|Any CPU
	EndGlobalSection
	GlobalSection(ProjectConfigurationPlatforms) = postSolution
		{E00C4B72-2507-4F83-8B9F-67C9FE46FFF0}.Debug|Any CPU.ActiveCfg = Debug|Any CPU
		{E00C4B72-2507-4F83-8B9F-67C9FE46FFF0}.Debug|Any CPU.Build.0 = Debug|Any CPU
		{E00C4B72-2507-4F83-8B9F-67C9FE46FFF0}.Release|Any CPU.ActiveCfg = Release|Any CPU
		{E00C4B72-2507-4F83-8B9F-67C9FE46FFF0}.Release|Any CPU.Build.0 = Release|Any CPU
		{1EC4A52F-9A03-7CDF-7CB3-CCFA8BF0AA87}.Debug|Any CPU.ActiveCfg = Debug|Any CPU
		{1EC4A52F-9A03-7CDF-7CB3-CCFA8BF0AA87}.Debug|Any CPU.Build.0 = Debug|Any CPU
		{1EC4A52F-9A03-7CDF-7CB3-CCFA8BF0AA87}.Release|Any CPU.ActiveCfg = Release|Any CPU
		{1EC4A52F-9A03-7CDF-7CB3-CCFA8BF0AA87}.Release|Any CPU.Build.0 = Release|Any CPU
		{9944FADA-0DBE-29C8-A4A5-E0527BC572D1}.Debug|Any CPU.ActiveCfg = Debug|Any CPU
		{9944FADA-0DBE-29C8-A4A5-E0527BC572D1}.Debug|Any CPU.Build.0 = Debug|Any CPU
		{9944FADA-0DBE-29C8-A4A5-E0527BC572D1}.Release|Any CPU.ActiveCfg = Release|Any CPU
		{9944FADA-0DBE-29C8-A4A5-E0527BC572D1}.Release|Any CPU.Build.0 = Release|Any CPU
	EndGlobalSection
	GlobalSection(SolutionProperties) = preSolution
		HideSolutionNode = FALSE
	EndGlobalSection
	GlobalSection(ExtensibilityGlobals) = postSolution
		SolutionGuid = {5723EFD0-03B4-4183-9419-42F41A3B1331}
	EndGlobalSection
EndGlobal
